
Microsoft Visual Studio Solution File, Format Version 12.00
# Visual Studio 15
VisualStudioVersion = 15.0.26228.28
MinimumVisualStudioVersion = 10.0.40219.1
Project("{FAE04EC0-301F-11D3-BF4B-00C04F79EFBC}") = "GoPPlus", "GoPPlus\GoPPlus.csproj", "{B0FE50B9-ECCF-4A79-9831-AE5D442DEEE7}"
EndProject
Global
	GlobalSection(SolutionConfigurationPlatforms) = preSolution
		Debug|Any CPU = Debug|Any CPU
		Release|Any CPU = Release|Any CPU
	EndGlobalSection
	GlobalSection(ProjectConfigurationPlatforms) = postSolution
		{B0FE50B9-ECCF-4A79-9831-AE5D442DEEE7}.Debug|Any CPU.ActiveCfg = Debug|Any CPU
		{B0FE50B9-ECCF-4A79-9831-AE5D442DEEE7}.Debug|Any CPU.Build.0 = Debug|Any CPU
		{B0FE50B9-ECCF-4A79-9831-AE5D442DEEE7}.Release|Any CPU.ActiveCfg = Release|Any CPU
		{B0FE50B9-ECCF-4A79-9831-AE5D442DEEE7}.Release|Any CPU.Build.0 = Release|Any CPU
	EndGlobalSection
	GlobalSection(SolutionProperties) = preSolution
		HideSolutionNode = FALSE
	EndGlobalSection
	GlobalSection(ExtensibilityGlobals) = postSolution
		SolutionGuid = {5F9F3226-8FAD-4F38-A90A-BF8D6B151F07}
	EndGlobalSection
	GlobalSection(TeamFoundationVersionControl) = preSolution
		SccNumberOfProjects = 2
		SccEnterpriseProvider = {4CA58AB2-18FA-4F8D-95D4-32DDF27D184C}
		SccTeamFoundationServer = https://fl4k0.visualstudio.com/DefaultCollection
		SccProjectUniqueName0 = GoPPlus\\GoPPlus.csproj
		SccProjectName0 = GoPPlus
		SccLocalPath0 = GoPPlus
		SccLocalPath1 = .
	EndGlobalSection
EndGlobal
